
Microsoft Visual Studio Solution File, Format Version 12.00
# Visual Studio Version 17
VisualStudioVersion = 17.7.34221.43
MinimumVisualStudioVersion = 10.0.40219.1
Project("{FAE04EC0-301F-11D3-BF4B-00C04F79EFBC}") = "ComptParts", "ComptParts\ComptParts.csproj", "{020D2C3E-5467-45AB-93D6-66B38814DDBC}"
EndProject
Global
	GlobalSection(SolutionConfigurationPlatforms) = preSolution
		Debug|Any CPU = Debug|Any CPU
		Release|Any CPU = Release|Any CPU
	EndGlobalSection
	GlobalSection(ProjectConfigurationPlatforms) = postSolution
		{020D2C3E-5467-45AB-93D6-66B38814DDBC}.Debug|Any CPU.ActiveCfg = Debug|Any CPU
		{020D2C3E-5467-45AB-93D6-66B38814DDBC}.Debug|Any CPU.Build.0 = Debug|Any CPU
		{020D2C3E-5467-45AB-93D6-66B38814DDBC}.Release|Any CPU.ActiveCfg = Release|Any CPU
		{020D2C3E-5467-45AB-93D6-66B38814DDBC}.Release|Any CPU.Build.0 = Release|Any CPU
	EndGlobalSection
	GlobalSection(SolutionProperties) = preSolution
		HideSolutionNode = FALSE
	EndGlobalSection
	GlobalSection(ExtensibilityGlobals) = postSolution
		SolutionGuid = {2DAFA549-5D4F-4DB9-B18C-75392E344719}
	EndGlobalSection
EndGlobal
